
Microsoft Visual Studio Solution File, Format Version 12.00
# Visual Studio Version 18
VisualStudioVersion = 18.0.11012.119
MinimumVisualStudioVersion = 10.0.40219.1
Project("{2150E333-8FDC-42A3-9474-1A3956D46DE8}") = "Features", "Features", "{9792E6E2-564B-9699-7DA2-9F7194AE82F6}"
EndProject
Project("{FAE04EC0-301F-11D3-BF4B-00C04F79EFBC}") = "Samples.Features.Tests", "Features\Samples.Features.Tests.csproj", "{6174AC91-E288-47C0-834C-B3EC001FCC9B}"
EndProject
Global
	GlobalSection(SolutionConfigurationPlatforms) = preSolution
		Debug|Any CPU = Debug|Any CPU
		Debug|x64 = Debug|x64
		Debug|x86 = Debug|x86
		Release|Any CPU = Release|Any CPU
		Release|x64 = Release|x64
		Release|x86 = Release|x86
	EndGlobalSection
	GlobalSection(ProjectConfigurationPlatforms) = postSolution
		{6174AC91-E288-47C0-834C-B3EC001FCC9B}.Debug|Any CPU.ActiveCfg = Debug|Any CPU
		{6174AC91-E288-47C0-834C-B3EC001FCC9B}.Debug|Any CPU.Build.0 = Debug|Any CPU
		{6174AC91-E288-47C0-834C-B3EC001FCC9B}.Debug|x64.ActiveCfg = Debug|Any CPU
		{6174AC91-E288-47C0-834C-B3EC001FCC9B}.Debug|x64.Build.0 = Debug|Any CPU
		{6174AC91-E288-47C0-834C-B3EC001FCC9B}.Debug|x86.ActiveCfg = Debug|Any CPU
		{6174AC91-E288-47C0-834C-B3EC001FCC9B}.Debug|x86.Build.0 = Debug|Any CPU
		{6174AC91-E288-47C0-834C-B3EC001FCC9B}.Release|Any CPU.ActiveCfg = Release|Any CPU
		{6174AC91-E288-47C0-834C-B3EC001FCC9B}.Release|Any CPU.Build.0 = Release|Any CPU
		{6174AC91-E288-47C0-834C-B3EC001FCC9B}.Release|x64.ActiveCfg = Release|Any CPU
		{6174AC91-E288-47C0-834C-B3EC001FCC9B}.Release|x64.Build.0 = Release|Any CPU
		{6174AC91-E288-47C0-834C-B3EC001FCC9B}.Release|x86.ActiveCfg = Release|Any CPU
		{6174AC91-E288-47C0-834C-B3EC001FCC9B}.Release|x86.Build.0 = Release|Any CPU
	EndGlobalSection
	GlobalSection(SolutionProperties) = preSolution
		HideSolutionNode = FALSE
	EndGlobalSection
	GlobalSection(NestedProjects) = preSolution
		{6174AC91-E288-47C0-834C-B3EC001FCC9B} = {9792E6E2-564B-9699-7DA2-9F7194AE82F6}
	EndGlobalSection
EndGlobal
